<?xml version="1.0" encoding="utf-8"?>
<Project ToolsVersion="4.0" xmlns="http://schemas.microsoft.com/developer/msbuild/2003">
  <ItemGroup>
    <Filter Include="Source Files">
      <UniqueIdentifier>{4FC737F1-C7A5-4376-A066-2A32D752A2FF}</UniqueIdentifier>
      <Extensions>cpp;c;cc;cxx;def;odl;idl;hpj;bat;asm;asmx</Extensions>
    </Filter>
    <Filter Include="Header Files">
      <UniqueIdentifier>{93995380-89BD-4b04-88EB-625FBE52EBFB}</UniqueIdentifier>
      <Extensions>h;hh;hpp;hxx;hm;inl;inc;xsd</Extensions>
    </Filter>
    <Filter Include="Resource Files">
      <UniqueIdentifier>{67DA6AB6-F800-4c08-8B7A-83BB121AAD01}</UniqueIdentifier>
      <Extensions>rc;ico;cur;bmp;dlg;rc2;rct;bin;rgs;gif;jpg;jpeg;jpe;resx;tiff;tif;png;wav;mfcribbon-ms</Extensions>
    </Filter>
    <Filter Include="Header Files\wrappers">
      <UniqueIdentifier>{84f83807-90e6-497f-9240-b6819a2b9471}</UniqueIdentifier>
    </Filter>
    <Filter Include="Source Files\wrappers">
      <UniqueIdentifier>{357e8094-3dd2-4c37-a121-cf8fcd7c095d}</UniqueIdentifier>
    </Filter>
    <Filter Include="Shaders">
      <UniqueIdentifier>{4cca3453-5aed-4e01-8da1-0319f3d19840}</UniqueIdentifier>
    </Filter>
  </ItemGroup>
  <ItemGroup>
    <ClInclude Include="MemoryMgr.h">
      <Filter>Header Files</Filter>
    </ClInclude>
    <ClInclude Include="DirectDraw7_RwD3D9.h">
      <Filter>Header Files\wrappers</Filter>
    </ClInclude>
    <ClInclude Include="DirectDraw7Surface_RwD3D9.h">
      <Filter>Header Files\wrappers</Filter>
    </ClInclude>
    <ClInclude Include="DirectDraw7Surface_RwD3D9Overlay.h">
      <Filter>Header Files\wrappers</Filter>
    </ClInclude>
    <ClInclude Include="DirectDraw7Surface_RwD3D9RT.h">
      <Filter>Header Files\wrappers</Filter>
    </ClInclude>
    <ClInclude Include="resource.h">
      <Filter>Header Files</Filter>
    </ClInclude>
    <ClInclude Include="Patterns.h">
      <Filter>Header Files</Filter>
    </ClInclude>
  </ItemGroup>
  <ItemGroup>
    <ClCompile Include="SilentPatchGF.cpp">
      <Filter>Source Files</Filter>
    </ClCompile>
    <ClCompile Include="DirectDraw7_RwD3D9.cpp">
      <Filter>Source Files\wrappers</Filter>
    </ClCompile>
    <ClCompile Include="DirectDraw7Surface_RwD3D9.cpp">
      <Filter>Source Files\wrappers</Filter>
    </ClCompile>
    <ClCompile Include="DirectDraw7Surface_RwD3D9Overlay.cpp">
      <Filter>Source Files\wrappers</Filter>
    </ClCompile>
    <ClCompile Include="OverlayRenderQueue.cpp">
      <Filter>Source Files</Filter>
    </ClCompile>
    <ClCompile Include="RW.cpp">
      <Filter>Source Files</Filter>
    </ClCompile>
    <ClCompile Include="guid.cpp">
      <Filter>Source Files</Filter>
    </ClCompile>
    <ClCompile Include="Patterns.cpp">
      <Filter>Source Files</Filter>
    </ClCompile>
  </ItemGroup>
  <ItemGroup>
    <FxCompile Include="yuy2torgb.hlsl">
      <Filter>Shaders</Filter>
    </FxCompile>
  </ItemGroup>
  <ItemGroup>
    <ResourceCompile Include="Shaders.rc">
      <Filter>Resource Files</Filter>
    </ResourceCompile>
    <ResourceCompile Include="SilentPatch.rc">
      <Filter>Resource Files</Filter>
    </ResourceCompile>
  </ItemGroup>
</Project>