
Microsoft Visual Studio Solution File, Format Version 12.00
# Visual Studio 15
VisualStudioVersion = 15.0.27130.2003
MinimumVisualStudioVersion = 10.0.40219.1
Project("{8BC9CEB8-8B4A-11D0-8D11-00A0C91BC942}") = "SilentPatchGF", "SilentPatchGF\SilentPatchGF.vcxproj", "{FC0BBF1F-5DFD-4AD4-B125-39655594B458}"
EndProject
Global
	GlobalSection(SolutionConfigurationPlatforms) = preSolution
		Debug|x86 = Debug|x86
		Release|x86 = Release|x86
	EndGlobalSection
	GlobalSection(ProjectConfigurationPlatforms) = postSolution
		{FC0BBF1F-5DFD-4AD4-B125-39655594B458}.Debug|x86.ActiveCfg = Debug|Win32
		{FC0BBF1F-5DFD-4AD4-B125-39655594B458}.Debug|x86.Build.0 = Debug|Win32
		{FC0BBF1F-5DFD-4AD4-B125-39655594B458}.Debug|x86.Deploy.0 = Debug|Win32
		{FC0BBF1F-5DFD-4AD4-B125-39655594B458}.Release|x86.ActiveCfg = Release|Win32
		{FC0BBF1F-5DFD-4AD4-B125-39655594B458}.Release|x86.Build.0 = Release|Win32
		{FC0BBF1F-5DFD-4AD4-B125-39655594B458}.Release|x86.Deploy.0 = Release|Win32
	EndGlobalSection
	GlobalSection(SolutionProperties) = preSolution
		HideSolutionNode = FALSE
	EndGlobalSection
	GlobalSection(ExtensibilityGlobals) = postSolution
		SolutionGuid = {41C24631-1C4B-4F59-A720-3D0C4154DA58}
	EndGlobalSection
EndGlobal
